<?xml version="1.0" encoding="utf-8"?>
<Project ToolsVersion="4.0" xmlns="http://schemas.microsoft.com/developer/msbuild/2003">
  <ItemGroup>
    <Filter Include="Main">
      <UniqueIdentifier>{4FC737F1-C7A5-4376-A066-2A32D752A2FF}</UniqueIdentifier>
      <Extensions>cpp;c;cxx;def;odl;idl;hpj;bat;asm;asmx</Extensions>
    </Filter>
    <Filter Include="BaseEngine">
      <UniqueIdentifier>{93995380-89BD-4b04-88EB-625FBE52EBFB}</UniqueIdentifier>
      <Extensions>h;hpp;hxx;hm;inl;inc;xsd</Extensions>
    </Filter>
    <Filter Include="BaseEngine\Factory">
      <UniqueIdentifier>{c0720efd-6ff8-4517-8a6d-c8ff8e45bed8}</UniqueIdentifier>
    </Filter>
    <Filter Include="BaseEngine\Debug">
      <UniqueIdentifier>{6b05f3e1-2f5f-4a7c-bade-0a9184a7d2e9}</UniqueIdentifier>
    </Filter>
    <Filter Include="BaseEngine\Transform">
      <UniqueIdentifier>{3fdfce3b-e9e8-46c3-a0b5-8fe62cfc153c}</UniqueIdentifier>
    </Filter>
    <Filter Include="BaseEngine\Engine">
      <UniqueIdentifier>{142842ea-d6d0-4e9a-bdba-945c771c63e5}</UniqueIdentifier>
    </Filter>
    <Filter Include="BaseEngine\Composition">
      <UniqueIdentifier>{b0c24394-8039-4dd3-a0f7-d8763a6e5aba}</UniqueIdentifier>
    </Filter>
    <Filter Include="BaseEngine\Core">
      <UniqueIdentifier>{140e17f8-27c7-4c7a-b0cf-57279b5bd923}</UniqueIdentifier>
    </Filter>
    <Filter Include="BaseEngine\Headers">
      <UniqueIdentifier>{91373598-97aa-4951-ac64-4e3e38e14345}</UniqueIdentifier>
    </Filter>
    <Filter Include="BaseEngine\File">
      <UniqueIdentifier>{6fd07e8e-23c8-42e2-8809-dec5b9b0081e}</UniqueIdentifier>
    </Filter>
    <Filter Include="BaseEngine\Serialization">
      <UniqueIdentifier>{c29c2400-851d-47f8-8a89-a9e9b6c124e5}</UniqueIdentifier>
    </Filter>
    <Filter Include="GameLogic">
      <UniqueIdentifier>{b6ee72d5-244a-4670-b048-4c81962a4421}</UniqueIdentifier>
    </Filter>
    <Filter Include="Systems">
      <UniqueIdentifier>{05484e08-bf88-4cbd-83cd-fb9e5dd64a6e}</UniqueIdentifier>
    </Filter>
    <Filter Include="Systems\Graphics">
      <UniqueIdentifier>{6b87ec1e-7434-4fbc-9d64-188f14415708}</UniqueIdentifier>
    </Filter>
    <Filter Include="Systems\Graphics\Shaders">
      <UniqueIdentifier>{f1801d49-46a0-448a-ada0-a43b8843dcb4}</UniqueIdentifier>
    </Filter>
    <Filter Include="Systems\Graphics\Components">
      <UniqueIdentifier>{e5e89168-1523-44f2-a67b-e40b4d4a7dae}</UniqueIdentifier>
    </Filter>
    <Filter Include="Systems\Graphics\Utility">
      <UniqueIdentifier>{45d3c284-c1db-4c04-8d97-ac5bca39f8b8}</UniqueIdentifier>
    </Filter>
    <Filter Include="Systems\Graphics\System">
      <UniqueIdentifier>{9680e2be-c0c2-4f1f-8e12-e286a5fc978b}</UniqueIdentifier>
    </Filter>
    <Filter Include="Systems\Physics">
      <UniqueIdentifier>{ae65f8f9-8542-4922-90f2-84c918dba752}</UniqueIdentifier>
    </Filter>
    <Filter Include="Systems\Physics\Dynamics">
      <UniqueIdentifier>{c5185472-d06a-419d-8535-8ca63ae110bb}</UniqueIdentifier>
    </Filter>
    <Filter Include="Systems\Physics\System">
      <UniqueIdentifier>{c1ac1f24-ffcc-4b0c-923a-74356f2f9f89}</UniqueIdentifier>
    </Filter>
    <Filter Include="Systems\Physics\Collision">
      <UniqueIdentifier>{42300743-a94d-405e-83e0-70a0a539a8b4}</UniqueIdentifier>
    </Filter>
    <Filter Include="Systems\Windows">
      <UniqueIdentifier>{8624fc8d-f1b1-4ac4-9818-c89dddc8acfc}</UniqueIdentifier>
    </Filter>
    <Filter Include="Objects">
      <UniqueIdentifier>{2ce7e64b-732b-4f6d-9989-587e611723b6}</UniqueIdentifier>
    </Filter>
    <Filter Include="Precompiled">
      <UniqueIdentifier>{f9543743-67bc-44de-a463-4d2d89058cc0}</UniqueIdentifier>
    </Filter>
  </ItemGroup>
  <ItemGroup>
    <ClCompile Include="WinMain.cpp">
      <Filter>Main</Filter>
    </ClCompile>
    <ClCompile Include="Factory.cpp">
      <Filter>BaseEngine\Factory</Filter>
    </ClCompile>
    <ClCompile Include="DebugDraw.cpp">
      <Filter>BaseEngine\Debug</Filter>
    </ClCompile>
    <ClCompile Include="Transform.cpp">
      <Filter>BaseEngine\Transform</Filter>
    </ClCompile>
    <ClCompile Include="Composition.cpp">
      <Filter>BaseEngine\Composition</Filter>
    </ClCompile>
    <ClCompile Include="Core.cpp">
      <Filter>BaseEngine\Core</Filter>
    </ClCompile>
    <ClCompile Include="FilePath.cpp">
      <Filter>BaseEngine\File</Filter>
    </ClCompile>
    <ClCompile Include="TextSerialization.cpp">
      <Filter>BaseEngine\Serialization</Filter>
    </ClCompile>
    <ClCompile Include="GameLogic.cpp">
      <Filter>GameLogic</Filter>
    </ClCompile>
    <ClCompile Include="Camera.cpp">
      <Filter>Systems\Graphics\Components</Filter>
    </ClCompile>
    <ClCompile Include="Sprite.cpp">
      <Filter>Systems\Graphics\Components</Filter>
    </ClCompile>
    <ClCompile Include="Graphics.cpp">
      <Filter>Systems\Graphics\System</Filter>
    </ClCompile>
    <ClCompile Include="Body.cpp">
      <Filter>Systems\Physics\Dynamics</Filter>
    </ClCompile>
    <ClCompile Include="Resolution.cpp">
      <Filter>Systems\Physics\Dynamics</Filter>
    </ClCompile>
    <ClCompile Include="Physics.cpp">
      <Filter>Systems\Physics\System</Filter>
    </ClCompile>
    <ClCompile Include="Collision.cpp">
      <Filter>Systems\Physics\Collision</Filter>
    </ClCompile>
    <ClCompile Include="WindowsSystem.cpp">
      <Filter>Systems\Windows</Filter>
    </ClCompile>
    <ClCompile Include="Precompiled.cpp">
      <Filter>Precompiled</Filter>
    </ClCompile>
  </ItemGroup>
  <ItemGroup>
    <ClInclude Include="Factory.h">
      <Filter>BaseEngine\Factory</Filter>
    </ClInclude>
    <ClInclude Include="DebugDiagnostic.h">
      <Filter>BaseEngine\Debug</Filter>
    </ClInclude>
    <ClInclude Include="DebugDraw.h">
      <Filter>BaseEngine\Debug</Filter>
    </ClInclude>
    <ClInclude Include="Transform.h">
      <Filter>BaseEngine\Transform</Filter>
    </ClInclude>
    <ClInclude Include="ComponentTypeIds.h">
      <Filter>BaseEngine\Engine</Filter>
    </ClInclude>
    <ClInclude Include="Engine.h">
      <Filter>BaseEngine\Engine</Filter>
    </ClInclude>
    <ClInclude Include="Message.h">
      <Filter>BaseEngine\Engine</Filter>
    </ClInclude>
    <ClInclude Include="System.h">
      <Filter>BaseEngine\Engine</Filter>
    </ClInclude>
    <ClInclude Include="Component.h">
      <Filter>BaseEngine\Composition</Filter>
    </ClInclude>
    <ClInclude Include="ComponentCreator.h">
      <Filter>BaseEngine\Composition</Filter>
    </ClInclude>
    <ClInclude Include="Composition.h">
      <Filter>BaseEngine\Composition</Filter>
    </ClInclude>
    <ClInclude Include="Core.h">
      <Filter>BaseEngine\Core</Filter>
    </ClInclude>
    <ClInclude Include="Containers.h">
      <Filter>BaseEngine\Headers</Filter>
    </ClInclude>
    <ClInclude Include="ObjectLinkedList.h">
      <Filter>BaseEngine\Headers</Filter>
    </ClInclude>
    <ClInclude Include="VMath.h">
      <Filter>BaseEngine\Headers</Filter>
    </ClInclude>
    <ClInclude Include="WindowsIncludes.h">
      <Filter>BaseEngine\Headers</Filter>
    </ClInclude>
    <ClInclude Include="FilePath.h">
      <Filter>BaseEngine\File</Filter>
    </ClInclude>
    <ClInclude Include="Serialization.h">
      <Filter>BaseEngine\Serialization</Filter>
    </ClInclude>
    <ClInclude Include="TextSerialization.h">
      <Filter>BaseEngine\Serialization</Filter>
    </ClInclude>
    <ClInclude Include="GameLogic.h">
      <Filter>GameLogic</Filter>
    </ClInclude>
    <ClInclude Include="Camera.h">
      <Filter>Systems\Graphics\Components</Filter>
    </ClInclude>
    <ClInclude Include="Sprite.h">
      <Filter>Systems\Graphics\Components</Filter>
    </ClInclude>
    <ClInclude Include="DirectXIncludes.h">
      <Filter>Systems\Graphics\Utility</Filter>
    </ClInclude>
    <ClInclude Include="VertexTypes.h">
      <Filter>Systems\Graphics\Utility</Filter>
    </ClInclude>
    <ClInclude Include="Graphics.h">
      <Filter>Systems\Graphics\System</Filter>
    </ClInclude>
    <ClInclude Include="Body.h">
      <Filter>Systems\Physics\Dynamics</Filter>
    </ClInclude>
    <ClInclude Include="Resolution.h">
      <Filter>Systems\Physics\Dynamics</Filter>
    </ClInclude>
    <ClInclude Include="Physics.h">
      <Filter>Systems\Physics\System</Filter>
    </ClInclude>
    <ClInclude Include="Collision.h">
      <Filter>Systems\Physics\Collision</Filter>
    </ClInclude>
    <ClInclude Include="WindowsSystem.h">
      <Filter>Systems\Windows</Filter>
    </ClInclude>
    <ClInclude Include="Precompiled.h">
      <Filter>Precompiled</Filter>
    </ClInclude>
  </ItemGroup>
  <ItemGroup>
    <FxCompile Include="..\Shaders\Basic.fx">
      <Filter>Systems\Graphics\Shaders</Filter>
    </FxCompile>
    <FxCompile Include="..\Shaders\Debug.fx">
      <Filter>Systems\Graphics\Shaders</Filter>
    </FxCompile>
  </ItemGroup>
  <ItemGroup>
    <Text Include="..\Objects\Ball.txt">
      <Filter>Objects</Filter>
    </Text>
    <Text Include="..\Objects\Bomb.txt">
      <Filter>Objects</Filter>
    </Text>
    <Text Include="..\Objects\Box.txt">
      <Filter>Objects</Filter>
    </Text>
    <Text Include="..\Objects\Camera.txt">
      <Filter>Objects</Filter>
    </Text>
    <Text Include="..\Objects\Ground.txt">
      <Filter>Objects</Filter>
    </Text>
    <Text Include="..\Objects\Shrapnel.txt">
      <Filter>Objects</Filter>
    </Text>
    <Text Include="..\Objects\WallLeft.txt">
      <Filter>Objects</Filter>
    </Text>
    <Text Include="..\Objects\WallRight.txt">
      <Filter>Objects</Filter>
    </Text>
  </ItemGroup>
</Project>